
Microsoft Visual Studio Solution File, Format Version 12.00
# Visual Studio Version 16
VisualStudioVersion = 16.0.30804.86
MinimumVisualStudioVersion = 10.0.40219.1
Project("{FAE04EC0-301F-11D3-BF4B-00C04F79EFBC}") = "RSA_Decrypt", "RSA_Decrypt.csproj", "{6801A36E-B0A2-413E-9C00-5ADC8B798082}"
EndProject
Global
	GlobalSection(SolutionConfigurationPlatforms) = preSolution
		Debug|Any CPU = Debug|Any CPU
		Release|Any CPU = Release|Any CPU
	EndGlobalSection
	GlobalSection(ProjectConfigurationPlatforms) = postSolution
		{6801A36E-B0A2-413E-9C00-5ADC8B798082}.Debug|Any CPU.ActiveCfg = Debug|Any CPU
		{6801A36E-B0A2-413E-9C00-5ADC8B798082}.Debug|Any CPU.Build.0 = Debug|Any CPU
		{6801A36E-B0A2-413E-9C00-5ADC8B798082}.Release|Any CPU.ActiveCfg = Release|Any CPU
		{6801A36E-B0A2-413E-9C00-5ADC8B798082}.Release|Any CPU.Build.0 = Release|Any CPU
	EndGlobalSection
	GlobalSection(SolutionProperties) = preSolution
		HideSolutionNode = FALSE
	EndGlobalSection
	GlobalSection(ExtensibilityGlobals) = postSolution
		SolutionGuid = {554F7BE1-62A1-4D72-8472-1878E4081D67}
	EndGlobalSection
EndGlobal
